
Microsoft Visual Studio Solution File, Format Version 12.00
# Visual Studio 14
VisualStudioVersion = 14.0.23107.0
MinimumVisualStudioVersion = 10.0.40219.1
Project("{FAE04EC0-301F-11D3-BF4B-00C04F79EFBC}") = "Filecopy", "ConsoleApplication1\Filecopy.csproj", "{228D7B6C-980E-4CE4-9F34-3405C7EAE730}"
EndProject
Global
	GlobalSection(SolutionConfigurationPlatforms) = preSolution
		Debug|Any CPU = Debug|Any CPU
		Release|Any CPU = Release|Any CPU
	EndGlobalSection
	GlobalSection(ProjectConfigurationPlatforms) = postSolution
		{228D7B6C-980E-4CE4-9F34-3405C7EAE730}.Debug|Any CPU.ActiveCfg = Debug|Any CPU
		{228D7B6C-980E-4CE4-9F34-3405C7EAE730}.Debug|Any CPU.Build.0 = Debug|Any CPU
		{228D7B6C-980E-4CE4-9F34-3405C7EAE730}.Release|Any CPU.ActiveCfg = Release|Any CPU
		{228D7B6C-980E-4CE4-9F34-3405C7EAE730}.Release|Any CPU.Build.0 = Release|Any CPU
	EndGlobalSection
	GlobalSection(SolutionProperties) = preSolution
		HideSolutionNode = FALSE
	EndGlobalSection
EndGlobal
